
Microsoft Visual Studio Solution File, Format Version 12.00
# Visual Studio Version 16
VisualStudioVersion = 16.0.30128.74
MinimumVisualStudioVersion = 10.0.40219.1
Project("{FAE04EC0-301F-11D3-BF4B-00C04F79EFBC}") = "NStart", "NStart\NStart.csproj", "{FA43E590-80B1-4C19-BC83-91E9DD15E095}"
EndProject
Global
	GlobalSection(SolutionConfigurationPlatforms) = preSolution
		Debug|Any CPU = Debug|Any CPU
		Release|Any CPU = Release|Any CPU
	EndGlobalSection
	GlobalSection(ProjectConfigurationPlatforms) = postSolution
		{FA43E590-80B1-4C19-BC83-91E9DD15E095}.Debug|Any CPU.ActiveCfg = Debug|Any CPU
		{FA43E590-80B1-4C19-BC83-91E9DD15E095}.Debug|Any CPU.Build.0 = Debug|Any CPU
		{FA43E590-80B1-4C19-BC83-91E9DD15E095}.Release|Any CPU.ActiveCfg = Release|Any CPU
		{FA43E590-80B1-4C19-BC83-91E9DD15E095}.Release|Any CPU.Build.0 = Release|Any CPU
	EndGlobalSection
	GlobalSection(SolutionProperties) = preSolution
		HideSolutionNode = FALSE
	EndGlobalSection
	GlobalSection(ExtensibilityGlobals) = postSolution
		SolutionGuid = {85FF2215-439B-4F17-91F1-7E4D088D51E4}
	EndGlobalSection
EndGlobal
